{
  "name": "zod-v4-fun",
  "version": "1.0.0",
  "lockfileVersion": 3,
  "requires": true,
  "packages": {
    "": {
      "name": "zod-v4-fun",
      "version": "1.0.0",
      "license": "ISC",
      "dependencies": {
        "zod": "^3.25.3"
      }
    },
    "node_modules/zod": {
      "version": "3.25.3",
      "resolved": "https://registry.npmjs.org/zod/-/zod-3.25.3.tgz",
      "integrity": "sha512-VGZqnyYNrl8JpEJRZaFPqeVNIuqgXNu4cXZ5cOb6zEUO1OxKbRnWB4UdDIXMmiERWncs0yDQukssHov8JUxykQ==",
      "funding": {
        "url": "https://github.com/sponsors/colinhacks"
      }
    }
  }
}
