{
  "name": "oxlint-fun",
  "version": "1.0.0",
  "lockfileVersion": 3,
  "requires": true,
  "packages": {
    "": {
      "name": "oxlint-fun",
      "version": "1.0.0",
      "license": "ISC",
      "devDependencies": {
        "oxlint": "^0.0.20"
      }
    },
    "node_modules/@oxlint/darwin-arm64": {
      "version": "0.0.20",
      "resolved": "https://registry.npmjs.org/@oxlint/darwin-arm64/-/darwin-arm64-0.0.20.tgz",
      "integrity": "sha512-P21sToNCj6+iOZ56aS/tWBuvfW8/vXMqIS4+tZvKspSouj44ln0kw8kDex2ksdjzCa1rsNJChTxOywsymwlNqw==",
      "cpu": [
        "arm64"
      ],
      "dev": true,
      "optional": true,
      "os": [
        "darwin"
      ]
    },
    "node_modules/@oxlint/darwin-x64": {
      "version": "0.0.20",
      "resolved": "https://registry.npmjs.org/@oxlint/darwin-x64/-/darwin-x64-0.0.20.tgz",
      "integrity": "sha512-j9jVs+qrVyIg+RR1nN9KAbslAzHxSPM2lVt5tkg5foy7yM7+cjEFrGjR0gzwaxLkTdHEls+edErtnMoBxa7zXQ==",
      "cpu": [
        "x64"
      ],
      "dev": true,
      "optional": true,
      "os": [
        "darwin"
      ]
    },
    "node_modules/@oxlint/linux-arm64": {
      "version": "0.0.20",
      "resolved": "https://registry.npmjs.org/@oxlint/linux-arm64/-/linux-arm64-0.0.20.tgz",
      "integrity": "sha512-F1/FiQdwxHHzD4oWLZasWoTqySpkn+7L+bDn+lZ0j72Nr7Ox1ETSvg65umUunyhsALPXBh0SwuLpSwmw+8SerA==",
      "cpu": [
        "arm64"
      ],
      "dev": true,
      "optional": true,
      "os": [
        "linux"
      ]
    },
    "node_modules/@oxlint/linux-x64": {
      "version": "0.0.20",
      "resolved": "https://registry.npmjs.org/@oxlint/linux-x64/-/linux-x64-0.0.20.tgz",
      "integrity": "sha512-0HO7oMErbHiKiQqqaIWFmsc2cHrUw1Ob9JGUdjO6sW0aDx+HY03EZ4SCcV9g9/BvFZxDPJ7mhRMQ30imE0aTww==",
      "cpu": [
        "x64"
      ],
      "dev": true,
      "optional": true,
      "os": [
        "linux"
      ]
    },
    "node_modules/@oxlint/win32-arm64": {
      "version": "0.0.20",
      "resolved": "https://registry.npmjs.org/@oxlint/win32-arm64/-/win32-arm64-0.0.20.tgz",
      "integrity": "sha512-1v+omDkVplcEVJ78fTJMHBCShygGxt6R3hJO4vPZRzDN4uNam+mudh+8rVzasGeZWa778lPkLfjUz5wKXouDgQ==",
      "cpu": [
        "arm64"
      ],
      "dev": true,
      "optional": true,
      "os": [
        "win32"
      ]
    },
    "node_modules/@oxlint/win32-x64": {
      "version": "0.0.20",
      "resolved": "https://registry.npmjs.org/@oxlint/win32-x64/-/win32-x64-0.0.20.tgz",
      "integrity": "sha512-FAC2veucFjl0gZXhl4rmK2aBe1M9J5QR5GI3e6dzQXm0xQQ2C0fGu2MF9lTXZO3nkXNLHJSwriGyAgM/Br43gQ==",
      "cpu": [
        "x64"
      ],
      "dev": true,
      "optional": true,
      "os": [
        "win32"
      ]
    },
    "node_modules/oxlint": {
      "version": "0.0.20",
      "resolved": "https://registry.npmjs.org/oxlint/-/oxlint-0.0.20.tgz",
      "integrity": "sha512-z2A4vtRYemz/t6hKX6s2m/fq905uPeQxqZEWNbFglQIL2otzNsW0B9mh0pqzczlpmDPm36wUZaVJLauMOp/kIg==",
      "dev": true,
      "bin": {
        "oxlint": "bin/oxlint"
      },
      "engines": {
        "node": ">=14.*"
      },
      "funding": {
        "url": "https://github.com/sponsors/Boshen"
      },
      "optionalDependencies": {
        "@oxlint/darwin-arm64": "0.0.20",
        "@oxlint/darwin-x64": "0.0.20",
        "@oxlint/linux-arm64": "0.0.20",
        "@oxlint/linux-x64": "0.0.20",
        "@oxlint/win32-arm64": "0.0.20",
        "@oxlint/win32-x64": "0.0.20"
      }
    }
  }
}
