{
  "name": "rustwright-fun",
  "version": "1.0.0",
  "lockfileVersion": 3,
  "requires": true,
  "packages": {
    "": {
      "name": "rustwright-fun",
      "version": "1.0.0",
      "dependencies": {
        "rustwright": "0.1.1"
      }
    },
    "node_modules/rustwright": {
      "version": "0.1.1",
      "resolved": "https://registry.npmjs.org/rustwright/-/rustwright-0.1.1.tgz",
      "integrity": "sha512-P385Vayj4Vtv4slaq6I2I+Ul9ShEcrk/UHXtD1b17lUdhlk7nBILKmjjSPqo0x6xyMj+9PnUzXOYWkcnv2DnTQ==",
      "license": "MIT"
    }
  }
}
