{
  "name": "nodejs-playground",
  "lockfileVersion": 3,
  "requires": true,
  "packages": {
    "": {
      "dependencies": {
        "leftpad": "^0.0.1",
        "limbo-wasm": "^0.0.9"
      }
    },
    "node_modules/leftpad": {
      "version": "0.0.1",
      "resolved": "https://registry.npmjs.org/leftpad/-/leftpad-0.0.1.tgz",
      "integrity": "sha512-kBAuxBQJlJ85LDc+SnGSX6gWJnJR9Qk4lbgXmz/qPfCOCieCk7BgoN3YvzoNr5BUjqxQDOQxawJJvXXd6c+6Mg==",
      "deprecated": "Use the built-in String.padStart function instead",
      "license": "BSD-3-Clause"
    },
    "node_modules/limbo-wasm": {
      "version": "0.0.9",
      "resolved": "https://registry.npmjs.org/limbo-wasm/-/limbo-wasm-0.0.9.tgz",
      "integrity": "sha512-7t96HwfC1AU8Svf08pO8P1NCioIXxykZ6DrU26L732onGVLdjOt0yxSx8Am1aeqJD4uWEqbcPU5gxQWKTV7fCg==",
      "license": "MIT"
    }
  }
}
