{
  "name": "nodejs-playground",
  "lockfileVersion": 3,
  "requires": true,
  "packages": {
    "": {
      "dependencies": {
        "limbo-wasm": "^0.0.9"
      }
    },
    "node_modules/limbo-wasm": {
      "version": "0.0.9",
      "resolved": "https://registry.npmjs.org/limbo-wasm/-/limbo-wasm-0.0.9.tgz",
      "integrity": "sha512-7t96HwfC1AU8Svf08pO8P1NCioIXxykZ6DrU26L732onGVLdjOt0yxSx8Am1aeqJD4uWEqbcPU5gxQWKTV7fCg==",
      "license": "MIT"
    }
  }
}
