{
  "name": "hattip-fun",
  "version": "1.0.0",
  "lockfileVersion": 3,
  "requires": true,
  "packages": {
    "": {
      "name": "hattip-fun",
      "version": "1.0.0",
      "license": "ISC",
      "dependencies": {
        "@hattip/adapter-node": "^0.0.45",
        "hattip": "^0.0.33"
      }
    },
    "node_modules/@hattip/adapter-node": {
      "version": "0.0.45",
      "resolved": "https://registry.npmjs.org/@hattip/adapter-node/-/adapter-node-0.0.45.tgz",
      "integrity": "sha512-doZZbmI4y3AQ1nObGNIHTD+5+u0KjfEvpnpwgxVzyh6/SLC3w+G2Za9lNtv9PXiwHMXWFph942aXnZFOx7M4YQ==",
      "dependencies": {
        "@hattip/core": "0.0.45",
        "@hattip/polyfills": "0.0.45",
        "@hattip/walk": "0.0.45"
      }
    },
    "node_modules/@hattip/core": {
      "version": "0.0.45",
      "resolved": "https://registry.npmjs.org/@hattip/core/-/core-0.0.45.tgz",
      "integrity": "sha512-4BK9dPU7sLvmP9sUq048uSaKFvQY2Qa6D0xQteQBIiDYuTdbopcUQLETM1sdkUeUtFxHPwPu/NclfJAC5INarw=="
    },
    "node_modules/@hattip/headers": {
      "version": "0.0.45",
      "resolved": "https://registry.npmjs.org/@hattip/headers/-/headers-0.0.45.tgz",
      "integrity": "sha512-owgxAt1jdhEcAdDfnlpPa8iQx/swItReYUlo8UFZ0GUCMiWJvnpl6rTdUsS6bCwMK9IJOliivN4dHEY8VKdGQw==",
      "dependencies": {
        "@hattip/core": "0.0.45"
      }
    },
    "node_modules/@hattip/polyfills": {
      "version": "0.0.45",
      "resolved": "https://registry.npmjs.org/@hattip/polyfills/-/polyfills-0.0.45.tgz",
      "integrity": "sha512-H8a+NVu/rAspycnkLSLVvWu3ei/ndFhA+3KQS1p2YjCcuf4Wuj4EWfScrwgL4d6CR0J+FxqX1P9NDGa4tdJQmQ==",
      "dependencies": {
        "@hattip/core": "0.0.45",
        "@whatwg-node/fetch": "^0.9.17",
        "node-fetch-native": "^1.6.4"
      }
    },
    "node_modules/@hattip/walk": {
      "version": "0.0.45",
      "resolved": "https://registry.npmjs.org/@hattip/walk/-/walk-0.0.45.tgz",
      "integrity": "sha512-GYEQN5n2JUzjLl9hdMJ+0mbsfwvldRKMBdxx+l29SxmRhOwyWURDyaSfX7UEkEmmxjbg4YqEoWyYgaAtxeW7Jw==",
      "dependencies": {
        "@hattip/headers": "0.0.45",
        "cac": "^6.7.14",
        "mime-types": "^2.1.35"
      },
      "bin": {
        "hattip-walk": "cli.js"
      }
    },
    "node_modules/@kamilkisiela/fast-url-parser": {
      "version": "1.1.4",
      "resolved": "https://registry.npmjs.org/@kamilkisiela/fast-url-parser/-/fast-url-parser-1.1.4.tgz",
      "integrity": "sha512-gbkePEBupNydxCelHCESvFSFM8XPh1Zs/OAVRW/rKpEqPAl5PbOM90Si8mv9bvnR53uPD2s/FiRxdvSejpRJew=="
    },
    "node_modules/@whatwg-node/events": {
      "version": "0.1.1",
      "resolved": "https://registry.npmjs.org/@whatwg-node/events/-/events-0.1.1.tgz",
      "integrity": "sha512-AyQEn5hIPV7Ze+xFoXVU3QTHXVbWPrzaOkxtENMPMuNL6VVHrp4hHfDt9nrQpjO7BgvuM95dMtkycX5M/DZR3w==",
      "engines": {
        "node": ">=16.0.0"
      }
    },
    "node_modules/@whatwg-node/fetch": {
      "version": "0.9.17",
      "resolved": "https://registry.npmjs.org/@whatwg-node/fetch/-/fetch-0.9.17.tgz",
      "integrity": "sha512-TDYP3CpCrxwxpiNY0UMNf096H5Ihf67BK1iKGegQl5u9SlpEDYrvnV71gWBGJm+Xm31qOy8ATgma9rm8Pe7/5Q==",
      "dependencies": {
        "@whatwg-node/node-fetch": "^0.5.7",
        "urlpattern-polyfill": "^10.0.0"
      },
      "engines": {
        "node": ">=16.0.0"
      }
    },
    "node_modules/@whatwg-node/node-fetch": {
      "version": "0.5.11",
      "resolved": "https://registry.npmjs.org/@whatwg-node/node-fetch/-/node-fetch-0.5.11.tgz",
      "integrity": "sha512-LS8tSomZa3YHnntpWt3PP43iFEEl6YeIsvDakczHBKlay5LdkXFr8w7v8H6akpG5nRrzydyB0k1iE2eoL6aKIQ==",
      "dependencies": {
        "@kamilkisiela/fast-url-parser": "^1.1.4",
        "@whatwg-node/events": "^0.1.0",
        "busboy": "^1.6.0",
        "fast-querystring": "^1.1.1",
        "tslib": "^2.3.1"
      },
      "engines": {
        "node": ">=16.0.0"
      }
    },
    "node_modules/busboy": {
      "version": "1.6.0",
      "resolved": "https://registry.npmjs.org/busboy/-/busboy-1.6.0.tgz",
      "integrity": "sha512-8SFQbg/0hQ9xy3UNTB0YEnsNBbWfhf7RtnzpL7TkBiTBRfrQ9Fxcnz7VJsleJpyp6rVLvXiuORqjlHi5q+PYuA==",
      "dependencies": {
        "streamsearch": "^1.1.0"
      },
      "engines": {
        "node": ">=10.16.0"
      }
    },
    "node_modules/cac": {
      "version": "6.7.14",
      "resolved": "https://registry.npmjs.org/cac/-/cac-6.7.14.tgz",
      "integrity": "sha512-b6Ilus+c3RrdDk+JhLKUAQfzzgLEPy6wcXqS7f/xe1EETvsDP6GORG7SFuOs6cID5YkqchW/LXZbX5bc8j7ZcQ==",
      "engines": {
        "node": ">=8"
      }
    },
    "node_modules/fast-decode-uri-component": {
      "version": "1.0.1",
      "resolved": "https://registry.npmjs.org/fast-decode-uri-component/-/fast-decode-uri-component-1.0.1.tgz",
      "integrity": "sha512-WKgKWg5eUxvRZGwW8FvfbaH7AXSh2cL+3j5fMGzUMCxWBJ3dV3a7Wz8y2f/uQ0e3B6WmodD3oS54jTQ9HVTIIg=="
    },
    "node_modules/fast-querystring": {
      "version": "1.1.2",
      "resolved": "https://registry.npmjs.org/fast-querystring/-/fast-querystring-1.1.2.tgz",
      "integrity": "sha512-g6KuKWmFXc0fID8WWH0jit4g0AGBoJhCkJMb1RmbsSEUNvQ+ZC8D6CUZ+GtF8nMzSPXnhiePyyqqipzNNEnHjg==",
      "dependencies": {
        "fast-decode-uri-component": "^1.0.1"
      }
    },
    "node_modules/hattip": {
      "version": "0.0.33",
      "resolved": "https://registry.npmjs.org/hattip/-/hattip-0.0.33.tgz",
      "integrity": "sha512-FG0IHeOdoTceFF4ta0eZ+GKEXCvqvSzLgmX3RZi3ia/OtczKn74OwjYRfyL9fBtUiyc1Z27F9daiLowfzgZ/Gg=="
    },
    "node_modules/mime-db": {
      "version": "1.52.0",
      "resolved": "https://registry.npmjs.org/mime-db/-/mime-db-1.52.0.tgz",
      "integrity": "sha512-sPU4uV7dYlvtWJxwwxHD0PuihVNiE7TyAbQ5SWxDCB9mUYvOgroQOwYQQOKPJ8CIbE+1ETVlOoK1UC2nU3gYvg==",
      "engines": {
        "node": ">= 0.6"
      }
    },
    "node_modules/mime-types": {
      "version": "2.1.35",
      "resolved": "https://registry.npmjs.org/mime-types/-/mime-types-2.1.35.tgz",
      "integrity": "sha512-ZDY+bPm5zTTF+YpCrAU9nK0UgICYPT0QtT1NZWFv4s++TNkcgVaT0g6+4R2uI4MjQjzysHB1zxuWL50hzaeXiw==",
      "dependencies": {
        "mime-db": "1.52.0"
      },
      "engines": {
        "node": ">= 0.6"
      }
    },
    "node_modules/node-fetch-native": {
      "version": "1.6.4",
      "resolved": "https://registry.npmjs.org/node-fetch-native/-/node-fetch-native-1.6.4.tgz",
      "integrity": "sha512-IhOigYzAKHd244OC0JIMIUrjzctirCmPkaIfhDeGcEETWof5zKYUW7e7MYvChGWh/4CJeXEgsRyGzuF334rOOQ=="
    },
    "node_modules/streamsearch": {
      "version": "1.1.0",
      "resolved": "https://registry.npmjs.org/streamsearch/-/streamsearch-1.1.0.tgz",
      "integrity": "sha512-Mcc5wHehp9aXz1ax6bZUyY5afg9u2rv5cqQI3mRrYkGC8rW2hM02jWuwjtL++LS5qinSyhj2QfLyNsuc+VsExg==",
      "engines": {
        "node": ">=10.0.0"
      }
    },
    "node_modules/tslib": {
      "version": "2.6.2",
      "resolved": "https://registry.npmjs.org/tslib/-/tslib-2.6.2.tgz",
      "integrity": "sha512-AEYxH93jGFPn/a2iVAwW87VuUIkR1FVUKB77NwMF7nBTDkDrrT/Hpt/IrCJ0QXhW27jTBDcf5ZY7w6RiqTMw2Q=="
    },
    "node_modules/urlpattern-polyfill": {
      "version": "10.0.0",
      "resolved": "https://registry.npmjs.org/urlpattern-polyfill/-/urlpattern-polyfill-10.0.0.tgz",
      "integrity": "sha512-H/A06tKD7sS1O1X2SshBVeA5FLycRpjqiBeqGKmBwBDBy28EnRjORxTNe269KSSr5un5qyWi1iL61wLxpd+ZOg=="
    }
  }
}
