{
  "name": "math-lib-consumer",
  "version": "1.0.0",
  "lockfileVersion": 3,
  "requires": true,
  "packages": {
    "": {
      "name": "math-lib-consumer",
      "version": "1.0.0",
      "license": "ISC",
      "dependencies": {
        "math-lib": "file:///home/diego/git/diegopacheco/nodejs-playground/local-file-import/math-lib"
      },
      "engines": {
        "node": "18.15.0"
      }
    },
    "../../../../../../../../home/diego/git/diegopacheco/nodejs-playground/local-file-import/math-lib": {
      "version": "1.0.0",
      "license": "ISC",
      "engines": {
        "node": "18.15.0"
      }
    },
    "node_modules/math-lib": {
      "resolved": "../../../../../../../../home/diego/git/diegopacheco/nodejs-playground/local-file-import/math-lib",
      "link": true
    }
  }
}
